
Microsoft Visual Studio Solution File, Format Version 12.00
# Visual Studio Version 16
VisualStudioVersion = 16.0.30011.22
MinimumVisualStudioVersion = 10.0.40219.1
Project("{8BC9CEB8-8B4A-11D0-8D11-00A0C91BC942}") = "Huffman_coding", "Huffman_coding\Huffman_coding.vcxproj", "{867F21D6-29A0-4873-9A8F-1C75F99E809F}"
EndProject
Global
	GlobalSection(SolutionConfigurationPlatforms) = preSolution
		Debug|x64 = Debug|x64
		Debug|x86 = Debug|x86
		Release|x64 = Release|x64
		Release|x86 = Release|x86
	EndGlobalSection
	GlobalSection(ProjectConfigurationPlatforms) = postSolution
		{867F21D6-29A0-4873-9A8F-1C75F99E809F}.Debug|x64.ActiveCfg = Debug|x64
		{867F21D6-29A0-4873-9A8F-1C75F99E809F}.Debug|x64.Build.0 = Debug|x64
		{867F21D6-29A0-4873-9A8F-1C75F99E809F}.Debug|x86.ActiveCfg = Debug|Win32
		{867F21D6-29A0-4873-9A8F-1C75F99E809F}.Debug|x86.Build.0 = Debug|Win32
		{867F21D6-29A0-4873-9A8F-1C75F99E809F}.Release|x64.ActiveCfg = Release|x64
		{867F21D6-29A0-4873-9A8F-1C75F99E809F}.Release|x64.Build.0 = Release|x64
		{867F21D6-29A0-4873-9A8F-1C75F99E809F}.Release|x86.ActiveCfg = Release|Win32
		{867F21D6-29A0-4873-9A8F-1C75F99E809F}.Release|x86.Build.0 = Release|Win32
	EndGlobalSection
	GlobalSection(SolutionProperties) = preSolution
		HideSolutionNode = FALSE
	EndGlobalSection
	GlobalSection(ExtensibilityGlobals) = postSolution
		SolutionGuid = {801A9AE6-FEFB-40FF-A607-09A575EA41A2}
	EndGlobalSection
EndGlobal
